
Microsoft Visual Studio Solution File, Format Version 12.00
# Visual Studio 15
VisualStudioVersion = 15.0.28010.2003
MinimumVisualStudioVersion = 10.0.40219.1
Project("{8BC9CEB8-8B4A-11D0-8D11-00A0C91BC942}") = "Lab10", "Lab10\Lab10.vcxproj", "{C4F5C53A-E26F-4FD5-BDC2-F58C9F6B8184}"
EndProject
Project("{8BC9CEB8-8B4A-11D0-8D11-00A0C91BC942}") = "recursion1", "recursion1\recursion1.vcxproj", "{AEC1030E-C0DA-4D86-A828-2DE8A12BCE14}"
EndProject
Project("{8BC9CEB8-8B4A-11D0-8D11-00A0C91BC942}") = "recursion2", "recursion2\recursion2.vcxproj", "{D6B58651-D66D-44FA-A880-7D53562AAE26}"
EndProject
Project("{8BC9CEB8-8B4A-11D0-8D11-00A0C91BC942}") = "recursion3", "recursion3\recursion3.vcxproj", "{6C0F071E-36C0-4830-B0D8-BB11D97A9413}"
EndProject
Project("{8BC9CEB8-8B4A-11D0-8D11-00A0C91BC942}") = "recursion4", "recursion4\recursion4.vcxproj", "{5D30113A-81CE-4C9E-B6AD-A2E9533EC2C0}"
EndProject
Project("{8BC9CEB8-8B4A-11D0-8D11-00A0C91BC942}") = "rec1", "rec\rec.vcxproj", "{0C3D760B-4487-46BF-BA03-E5D6DDA00068}"
EndProject
Project("{8BC9CEB8-8B4A-11D0-8D11-00A0C91BC942}") = "test", "test\test.vcxproj", "{EE6D7B76-446C-4B27-87D7-122926C9E323}"
EndProject
Global
	GlobalSection(SolutionConfigurationPlatforms) = preSolution
		Debug|x64 = Debug|x64
		Debug|x86 = Debug|x86
		Release|x64 = Release|x64
		Release|x86 = Release|x86
	EndGlobalSection
	GlobalSection(ProjectConfigurationPlatforms) = postSolution
		{C4F5C53A-E26F-4FD5-BDC2-F58C9F6B8184}.Debug|x64.ActiveCfg = Debug|x64
		{C4F5C53A-E26F-4FD5-BDC2-F58C9F6B8184}.Debug|x64.Build.0 = Debug|x64
		{C4F5C53A-E26F-4FD5-BDC2-F58C9F6B8184}.Debug|x86.ActiveCfg = Debug|Win32
		{C4F5C53A-E26F-4FD5-BDC2-F58C9F6B8184}.Debug|x86.Build.0 = Debug|Win32
		{C4F5C53A-E26F-4FD5-BDC2-F58C9F6B8184}.Release|x64.ActiveCfg = Release|x64
		{C4F5C53A-E26F-4FD5-BDC2-F58C9F6B8184}.Release|x64.Build.0 = Release|x64
		{C4F5C53A-E26F-4FD5-BDC2-F58C9F6B8184}.Release|x86.ActiveCfg = Release|Win32
		{C4F5C53A-E26F-4FD5-BDC2-F58C9F6B8184}.Release|x86.Build.0 = Release|Win32
		{AEC1030E-C0DA-4D86-A828-2DE8A12BCE14}.Debug|x64.ActiveCfg = Debug|x64
		{AEC1030E-C0DA-4D86-A828-2DE8A12BCE14}.Debug|x64.Build.0 = Debug|x64
		{AEC1030E-C0DA-4D86-A828-2DE8A12BCE14}.Debug|x86.ActiveCfg = Debug|Win32
		{AEC1030E-C0DA-4D86-A828-2DE8A12BCE14}.Debug|x86.Build.0 = Debug|Win32
		{AEC1030E-C0DA-4D86-A828-2DE8A12BCE14}.Release|x64.ActiveCfg = Release|x64
		{AEC1030E-C0DA-4D86-A828-2DE8A12BCE14}.Release|x64.Build.0 = Release|x64
		{AEC1030E-C0DA-4D86-A828-2DE8A12BCE14}.Release|x86.ActiveCfg = Release|Win32
		{AEC1030E-C0DA-4D86-A828-2DE8A12BCE14}.Release|x86.Build.0 = Release|Win32
		{D6B58651-D66D-44FA-A880-7D53562AAE26}.Debug|x64.ActiveCfg = Debug|x64
		{D6B58651-D66D-44FA-A880-7D53562AAE26}.Debug|x64.Build.0 = Debug|x64
		{D6B58651-D66D-44FA-A880-7D53562AAE26}.Debug|x86.ActiveCfg = Debug|Win32
		{D6B58651-D66D-44FA-A880-7D53562AAE26}.Debug|x86.Build.0 = Debug|Win32
		{D6B58651-D66D-44FA-A880-7D53562AAE26}.Release|x64.ActiveCfg = Release|x64
		{D6B58651-D66D-44FA-A880-7D53562AAE26}.Release|x64.Build.0 = Release|x64
		{D6B58651-D66D-44FA-A880-7D53562AAE26}.Release|x86.ActiveCfg = Release|Win32
		{D6B58651-D66D-44FA-A880-7D53562AAE26}.Release|x86.Build.0 = Release|Win32
		{6C0F071E-36C0-4830-B0D8-BB11D97A9413}.Debug|x64.ActiveCfg = Debug|x64
		{6C0F071E-36C0-4830-B0D8-BB11D97A9413}.Debug|x64.Build.0 = Debug|x64
		{6C0F071E-36C0-4830-B0D8-BB11D97A9413}.Debug|x86.ActiveCfg = Debug|Win32
		{6C0F071E-36C0-4830-B0D8-BB11D97A9413}.Debug|x86.Build.0 = Debug|Win32
		{6C0F071E-36C0-4830-B0D8-BB11D97A9413}.Release|x64.ActiveCfg = Release|x64
		{6C0F071E-36C0-4830-B0D8-BB11D97A9413}.Release|x64.Build.0 = Release|x64
		{6C0F071E-36C0-4830-B0D8-BB11D97A9413}.Release|x86.ActiveCfg = Release|Win32
		{6C0F071E-36C0-4830-B0D8-BB11D97A9413}.Release|x86.Build.0 = Release|Win32
		{5D30113A-81CE-4C9E-B6AD-A2E9533EC2C0}.Debug|x64.ActiveCfg = Debug|x64
		{5D30113A-81CE-4C9E-B6AD-A2E9533EC2C0}.Debug|x64.Build.0 = Debug|x64
		{5D30113A-81CE-4C9E-B6AD-A2E9533EC2C0}.Debug|x86.ActiveCfg = Debug|Win32
		{5D30113A-81CE-4C9E-B6AD-A2E9533EC2C0}.Debug|x86.Build.0 = Debug|Win32
		{5D30113A-81CE-4C9E-B6AD-A2E9533EC2C0}.Release|x64.ActiveCfg = Release|x64
		{5D30113A-81CE-4C9E-B6AD-A2E9533EC2C0}.Release|x64.Build.0 = Release|x64
		{5D30113A-81CE-4C9E-B6AD-A2E9533EC2C0}.Release|x86.ActiveCfg = Release|Win32
		{5D30113A-81CE-4C9E-B6AD-A2E9533EC2C0}.Release|x86.Build.0 = Release|Win32
		{0C3D760B-4487-46BF-BA03-E5D6DDA00068}.Debug|x64.ActiveCfg = Debug|x64
		{0C3D760B-4487-46BF-BA03-E5D6DDA00068}.Debug|x64.Build.0 = Debug|x64
		{0C3D760B-4487-46BF-BA03-E5D6DDA00068}.Debug|x86.ActiveCfg = Debug|Win32
		{0C3D760B-4487-46BF-BA03-E5D6DDA00068}.Debug|x86.Build.0 = Debug|Win32
		{0C3D760B-4487-46BF-BA03-E5D6DDA00068}.Release|x64.ActiveCfg = Release|x64
		{0C3D760B-4487-46BF-BA03-E5D6DDA00068}.Release|x64.Build.0 = Release|x64
		{0C3D760B-4487-46BF-BA03-E5D6DDA00068}.Release|x86.ActiveCfg = Release|Win32
		{0C3D760B-4487-46BF-BA03-E5D6DDA00068}.Release|x86.Build.0 = Release|Win32
		{EE6D7B76-446C-4B27-87D7-122926C9E323}.Debug|x64.ActiveCfg = Debug|x64
		{EE6D7B76-446C-4B27-87D7-122926C9E323}.Debug|x64.Build.0 = Debug|x64
		{EE6D7B76-446C-4B27-87D7-122926C9E323}.Debug|x86.ActiveCfg = Debug|Win32
		{EE6D7B76-446C-4B27-87D7-122926C9E323}.Debug|x86.Build.0 = Debug|Win32
		{EE6D7B76-446C-4B27-87D7-122926C9E323}.Release|x64.ActiveCfg = Release|x64
		{EE6D7B76-446C-4B27-87D7-122926C9E323}.Release|x64.Build.0 = Release|x64
		{EE6D7B76-446C-4B27-87D7-122926C9E323}.Release|x86.ActiveCfg = Release|Win32
		{EE6D7B76-446C-4B27-87D7-122926C9E323}.Release|x86.Build.0 = Release|Win32
	EndGlobalSection
	GlobalSection(SolutionProperties) = preSolution
		HideSolutionNode = FALSE
	EndGlobalSection
	GlobalSection(ExtensibilityGlobals) = postSolution
		SolutionGuid = {6B29166F-4590-4E97-9F26-062662E672F3}
	EndGlobalSection
EndGlobal
