
Microsoft Visual Studio Solution File, Format Version 12.00
# Visual Studio 15
VisualStudioVersion = 15.0.28010.2003
MinimumVisualStudioVersion = 10.0.40219.1
Project("{8BC9CEB8-8B4A-11D0-8D11-00A0C91BC942}") = "Lab3Task1", "Lab3\Lab3.vcxproj", "{78E44398-B45D-4280-80F2-BED8777D7598}"
EndProject
Project("{8BC9CEB8-8B4A-11D0-8D11-00A0C91BC942}") = "Lab3Task22", "Lab3Task2\Lab3Task2.vcxproj", "{D6DE6EB2-E822-41A5-A08D-D6B84154311A}"
EndProject
Project("{8BC9CEB8-8B4A-11D0-8D11-00A0C91BC942}") = "Lab3Task333333", "Lab3Task3\Lab3Task3.vcxproj", "{FC7C9BA4-16D1-42BB-BC12-E07047328A38}"
EndProject
Project("{8BC9CEB8-8B4A-11D0-8D11-00A0C91BC942}") = "shto", "shto\shto.vcxproj", "{8553BAB8-7C81-4586-B372-79D088E0BC6B}"
EndProject
Project("{8BC9CEB8-8B4A-11D0-8D11-00A0C91BC942}") = "Lab3Task4", "Lab3Task4\Lab3Task4.vcxproj", "{C9C0E295-448F-418D-A290-1AF1B57327F3}"
EndProject
Project("{8BC9CEB8-8B4A-11D0-8D11-00A0C91BC942}") = "Lab3Task5", "Lab3Task5\Lab3Task5.vcxproj", "{ECE27BD0-F8B1-4EDF-B63F-09BE20A9D504}"
EndProject
Project("{8BC9CEB8-8B4A-11D0-8D11-00A0C91BC942}") = "kkkkkk", "kkkkkk\kkkkkk.vcxproj", "{EEA3154F-A5F9-4422-961A-6ED0F6F0C283}"
EndProject
Project("{8BC9CEB8-8B4A-11D0-8D11-00A0C91BC942}") = "AAAAAAAAAaa", "AAAAAAAAAa\AAAAAAAAAa.vcxproj", "{061A1C14-7552-4CBC-9F31-22078CF282B0}"
EndProject
Project("{8BC9CEB8-8B4A-11D0-8D11-00A0C91BC942}") = "Lab2Task3'", "Lab2Task3'\Lab2Task3'.vcxproj", "{DB286E34-B96B-4BBB-B18E-2882EB4F2972}"
EndProject
Project("{8BC9CEB8-8B4A-11D0-8D11-00A0C91BC942}") = "Lab3T5", "Lab3T5\Lab3T5.vcxproj", "{16EF8CC0-BD1C-4CE6-9FE6-897B824CEB3F}"
EndProject
Global
	GlobalSection(SolutionConfigurationPlatforms) = preSolution
		Debug|x64 = Debug|x64
		Debug|x86 = Debug|x86
		Release|x64 = Release|x64
		Release|x86 = Release|x86
	EndGlobalSection
	GlobalSection(ProjectConfigurationPlatforms) = postSolution
		{78E44398-B45D-4280-80F2-BED8777D7598}.Debug|x64.ActiveCfg = Debug|x64
		{78E44398-B45D-4280-80F2-BED8777D7598}.Debug|x64.Build.0 = Debug|x64
		{78E44398-B45D-4280-80F2-BED8777D7598}.Debug|x86.ActiveCfg = Debug|Win32
		{78E44398-B45D-4280-80F2-BED8777D7598}.Debug|x86.Build.0 = Debug|Win32
		{78E44398-B45D-4280-80F2-BED8777D7598}.Release|x64.ActiveCfg = Release|x64
		{78E44398-B45D-4280-80F2-BED8777D7598}.Release|x64.Build.0 = Release|x64
		{78E44398-B45D-4280-80F2-BED8777D7598}.Release|x86.ActiveCfg = Release|Win32
		{78E44398-B45D-4280-80F2-BED8777D7598}.Release|x86.Build.0 = Release|Win32
		{D6DE6EB2-E822-41A5-A08D-D6B84154311A}.Debug|x64.ActiveCfg = Debug|x64
		{D6DE6EB2-E822-41A5-A08D-D6B84154311A}.Debug|x64.Build.0 = Debug|x64
		{D6DE6EB2-E822-41A5-A08D-D6B84154311A}.Debug|x86.ActiveCfg = Debug|Win32
		{D6DE6EB2-E822-41A5-A08D-D6B84154311A}.Debug|x86.Build.0 = Debug|Win32
		{D6DE6EB2-E822-41A5-A08D-D6B84154311A}.Release|x64.ActiveCfg = Release|x64
		{D6DE6EB2-E822-41A5-A08D-D6B84154311A}.Release|x64.Build.0 = Release|x64
		{D6DE6EB2-E822-41A5-A08D-D6B84154311A}.Release|x86.ActiveCfg = Release|Win32
		{D6DE6EB2-E822-41A5-A08D-D6B84154311A}.Release|x86.Build.0 = Release|Win32
		{FC7C9BA4-16D1-42BB-BC12-E07047328A38}.Debug|x64.ActiveCfg = Debug|x64
		{FC7C9BA4-16D1-42BB-BC12-E07047328A38}.Debug|x64.Build.0 = Debug|x64
		{FC7C9BA4-16D1-42BB-BC12-E07047328A38}.Debug|x86.ActiveCfg = Debug|Win32
		{FC7C9BA4-16D1-42BB-BC12-E07047328A38}.Debug|x86.Build.0 = Debug|Win32
		{FC7C9BA4-16D1-42BB-BC12-E07047328A38}.Release|x64.ActiveCfg = Release|x64
		{FC7C9BA4-16D1-42BB-BC12-E07047328A38}.Release|x64.Build.0 = Release|x64
		{FC7C9BA4-16D1-42BB-BC12-E07047328A38}.Release|x86.ActiveCfg = Release|Win32
		{FC7C9BA4-16D1-42BB-BC12-E07047328A38}.Release|x86.Build.0 = Release|Win32
		{8553BAB8-7C81-4586-B372-79D088E0BC6B}.Debug|x64.ActiveCfg = Debug|x64
		{8553BAB8-7C81-4586-B372-79D088E0BC6B}.Debug|x64.Build.0 = Debug|x64
		{8553BAB8-7C81-4586-B372-79D088E0BC6B}.Debug|x86.ActiveCfg = Debug|Win32
		{8553BAB8-7C81-4586-B372-79D088E0BC6B}.Debug|x86.Build.0 = Debug|Win32
		{8553BAB8-7C81-4586-B372-79D088E0BC6B}.Release|x64.ActiveCfg = Release|x64
		{8553BAB8-7C81-4586-B372-79D088E0BC6B}.Release|x64.Build.0 = Release|x64
		{8553BAB8-7C81-4586-B372-79D088E0BC6B}.Release|x86.ActiveCfg = Release|Win32
		{8553BAB8-7C81-4586-B372-79D088E0BC6B}.Release|x86.Build.0 = Release|Win32
		{C9C0E295-448F-418D-A290-1AF1B57327F3}.Debug|x64.ActiveCfg = Debug|x64
		{C9C0E295-448F-418D-A290-1AF1B57327F3}.Debug|x64.Build.0 = Debug|x64
		{C9C0E295-448F-418D-A290-1AF1B57327F3}.Debug|x86.ActiveCfg = Debug|Win32
		{C9C0E295-448F-418D-A290-1AF1B57327F3}.Debug|x86.Build.0 = Debug|Win32
		{C9C0E295-448F-418D-A290-1AF1B57327F3}.Release|x64.ActiveCfg = Release|x64
		{C9C0E295-448F-418D-A290-1AF1B57327F3}.Release|x64.Build.0 = Release|x64
		{C9C0E295-448F-418D-A290-1AF1B57327F3}.Release|x86.ActiveCfg = Release|Win32
		{C9C0E295-448F-418D-A290-1AF1B57327F3}.Release|x86.Build.0 = Release|Win32
		{ECE27BD0-F8B1-4EDF-B63F-09BE20A9D504}.Debug|x64.ActiveCfg = Debug|x64
		{ECE27BD0-F8B1-4EDF-B63F-09BE20A9D504}.Debug|x64.Build.0 = Debug|x64
		{ECE27BD0-F8B1-4EDF-B63F-09BE20A9D504}.Debug|x86.ActiveCfg = Debug|Win32
		{ECE27BD0-F8B1-4EDF-B63F-09BE20A9D504}.Debug|x86.Build.0 = Debug|Win32
		{ECE27BD0-F8B1-4EDF-B63F-09BE20A9D504}.Release|x64.ActiveCfg = Release|x64
		{ECE27BD0-F8B1-4EDF-B63F-09BE20A9D504}.Release|x64.Build.0 = Release|x64
		{ECE27BD0-F8B1-4EDF-B63F-09BE20A9D504}.Release|x86.ActiveCfg = Release|Win32
		{ECE27BD0-F8B1-4EDF-B63F-09BE20A9D504}.Release|x86.Build.0 = Release|Win32
		{EEA3154F-A5F9-4422-961A-6ED0F6F0C283}.Debug|x64.ActiveCfg = Debug|x64
		{EEA3154F-A5F9-4422-961A-6ED0F6F0C283}.Debug|x64.Build.0 = Debug|x64
		{EEA3154F-A5F9-4422-961A-6ED0F6F0C283}.Debug|x86.ActiveCfg = Debug|Win32
		{EEA3154F-A5F9-4422-961A-6ED0F6F0C283}.Debug|x86.Build.0 = Debug|Win32
		{EEA3154F-A5F9-4422-961A-6ED0F6F0C283}.Release|x64.ActiveCfg = Release|x64
		{EEA3154F-A5F9-4422-961A-6ED0F6F0C283}.Release|x64.Build.0 = Release|x64
		{EEA3154F-A5F9-4422-961A-6ED0F6F0C283}.Release|x86.ActiveCfg = Release|Win32
		{EEA3154F-A5F9-4422-961A-6ED0F6F0C283}.Release|x86.Build.0 = Release|Win32
		{061A1C14-7552-4CBC-9F31-22078CF282B0}.Debug|x64.ActiveCfg = Debug|x64
		{061A1C14-7552-4CBC-9F31-22078CF282B0}.Debug|x64.Build.0 = Debug|x64
		{061A1C14-7552-4CBC-9F31-22078CF282B0}.Debug|x86.ActiveCfg = Debug|Win32
		{061A1C14-7552-4CBC-9F31-22078CF282B0}.Debug|x86.Build.0 = Debug|Win32
		{061A1C14-7552-4CBC-9F31-22078CF282B0}.Release|x64.ActiveCfg = Release|x64
		{061A1C14-7552-4CBC-9F31-22078CF282B0}.Release|x64.Build.0 = Release|x64
		{061A1C14-7552-4CBC-9F31-22078CF282B0}.Release|x86.ActiveCfg = Release|Win32
		{061A1C14-7552-4CBC-9F31-22078CF282B0}.Release|x86.Build.0 = Release|Win32
		{DB286E34-B96B-4BBB-B18E-2882EB4F2972}.Debug|x64.ActiveCfg = Debug|x64
		{DB286E34-B96B-4BBB-B18E-2882EB4F2972}.Debug|x64.Build.0 = Debug|x64
		{DB286E34-B96B-4BBB-B18E-2882EB4F2972}.Debug|x86.ActiveCfg = Debug|Win32
		{DB286E34-B96B-4BBB-B18E-2882EB4F2972}.Debug|x86.Build.0 = Debug|Win32
		{DB286E34-B96B-4BBB-B18E-2882EB4F2972}.Release|x64.ActiveCfg = Release|x64
		{DB286E34-B96B-4BBB-B18E-2882EB4F2972}.Release|x64.Build.0 = Release|x64
		{DB286E34-B96B-4BBB-B18E-2882EB4F2972}.Release|x86.ActiveCfg = Release|Win32
		{DB286E34-B96B-4BBB-B18E-2882EB4F2972}.Release|x86.Build.0 = Release|Win32
		{16EF8CC0-BD1C-4CE6-9FE6-897B824CEB3F}.Debug|x64.ActiveCfg = Debug|x64
		{16EF8CC0-BD1C-4CE6-9FE6-897B824CEB3F}.Debug|x64.Build.0 = Debug|x64
		{16EF8CC0-BD1C-4CE6-9FE6-897B824CEB3F}.Debug|x86.ActiveCfg = Debug|Win32
		{16EF8CC0-BD1C-4CE6-9FE6-897B824CEB3F}.Debug|x86.Build.0 = Debug|Win32
		{16EF8CC0-BD1C-4CE6-9FE6-897B824CEB3F}.Release|x64.ActiveCfg = Release|x64
		{16EF8CC0-BD1C-4CE6-9FE6-897B824CEB3F}.Release|x64.Build.0 = Release|x64
		{16EF8CC0-BD1C-4CE6-9FE6-897B824CEB3F}.Release|x86.ActiveCfg = Release|Win32
		{16EF8CC0-BD1C-4CE6-9FE6-897B824CEB3F}.Release|x86.Build.0 = Release|Win32
	EndGlobalSection
	GlobalSection(SolutionProperties) = preSolution
		HideSolutionNode = FALSE
	EndGlobalSection
	GlobalSection(ExtensibilityGlobals) = postSolution
		SolutionGuid = {23D96622-F4B3-44E6-9823-089684DA1F47}
	EndGlobalSection
EndGlobal
