
Microsoft Visual Studio Solution File, Format Version 12.00
# Visual Studio 15
VisualStudioVersion = 15.0.28010.2003
MinimumVisualStudioVersion = 10.0.40219.1
Project("{8BC9CEB8-8B4A-11D0-8D11-00A0C91BC942}") = "Lab7", "Lab7\Lab7.vcxproj", "{3226C6E8-5D57-466C-90D2-6BF1F77CCB3F}"
EndProject
Project("{8BC9CEB8-8B4A-11D0-8D11-00A0C91BC942}") = "Lab7T2", "Lab7T2\Lab7T2.vcxproj", "{F55A74E8-F057-4A03-BCD0-FE54114081AE}"
EndProject
Project("{8BC9CEB8-8B4A-11D0-8D11-00A0C91BC942}") = "Lab7T33333", "Lab7T3\Lab7T3.vcxproj", "{E5BE58FF-7D3D-480A-9D64-1951D434E40E}"
EndProject
Project("{8BC9CEB8-8B4A-11D0-8D11-00A0C91BC942}") = "Lab7T4", "Lab7T4\Lab7T4.vcxproj", "{9E3DBD52-F85D-4011-AC16-4A0F3EE458BE}"
EndProject
Project("{8BC9CEB8-8B4A-11D0-8D11-00A0C91BC942}") = "Lab7T6", "Lab7T6\Lab7T6.vcxproj", "{A68F4D3D-0A5A-43FF-B6E6-2CADD60B6604}"
EndProject
Project("{8BC9CEB8-8B4A-11D0-8D11-00A0C91BC942}") = "Lab7T4''", "Lab7T4''\Lab7T4''.vcxproj", "{A4B63149-C801-46AF-A08B-BE06FDCFB9CD}"
EndProject
Project("{8BC9CEB8-8B4A-11D0-8D11-00A0C91BC942}") = "Lab7T5", "Lab7T5\Lab7T5.vcxproj", "{0941B620-A75E-43F2-80B8-1D3CDA77A7CE}"
EndProject
Project("{8BC9CEB8-8B4A-11D0-8D11-00A0C91BC942}") = "Lab7T5Jan", "Lab7T5Jan\Lab7T5Jan.vcxproj", "{1CB5B3F7-9B7B-4BAA-83EF-CA4374BBE7B4}"
EndProject
Global
	GlobalSection(SolutionConfigurationPlatforms) = preSolution
		Debug|x64 = Debug|x64
		Debug|x86 = Debug|x86
		Release|x64 = Release|x64
		Release|x86 = Release|x86
	EndGlobalSection
	GlobalSection(ProjectConfigurationPlatforms) = postSolution
		{3226C6E8-5D57-466C-90D2-6BF1F77CCB3F}.Debug|x64.ActiveCfg = Debug|x64
		{3226C6E8-5D57-466C-90D2-6BF1F77CCB3F}.Debug|x64.Build.0 = Debug|x64
		{3226C6E8-5D57-466C-90D2-6BF1F77CCB3F}.Debug|x86.ActiveCfg = Debug|Win32
		{3226C6E8-5D57-466C-90D2-6BF1F77CCB3F}.Debug|x86.Build.0 = Debug|Win32
		{3226C6E8-5D57-466C-90D2-6BF1F77CCB3F}.Release|x64.ActiveCfg = Release|x64
		{3226C6E8-5D57-466C-90D2-6BF1F77CCB3F}.Release|x64.Build.0 = Release|x64
		{3226C6E8-5D57-466C-90D2-6BF1F77CCB3F}.Release|x86.ActiveCfg = Release|Win32
		{3226C6E8-5D57-466C-90D2-6BF1F77CCB3F}.Release|x86.Build.0 = Release|Win32
		{F55A74E8-F057-4A03-BCD0-FE54114081AE}.Debug|x64.ActiveCfg = Debug|x64
		{F55A74E8-F057-4A03-BCD0-FE54114081AE}.Debug|x64.Build.0 = Debug|x64
		{F55A74E8-F057-4A03-BCD0-FE54114081AE}.Debug|x86.ActiveCfg = Debug|Win32
		{F55A74E8-F057-4A03-BCD0-FE54114081AE}.Debug|x86.Build.0 = Debug|Win32
		{F55A74E8-F057-4A03-BCD0-FE54114081AE}.Release|x64.ActiveCfg = Release|x64
		{F55A74E8-F057-4A03-BCD0-FE54114081AE}.Release|x64.Build.0 = Release|x64
		{F55A74E8-F057-4A03-BCD0-FE54114081AE}.Release|x86.ActiveCfg = Release|Win32
		{F55A74E8-F057-4A03-BCD0-FE54114081AE}.Release|x86.Build.0 = Release|Win32
		{E5BE58FF-7D3D-480A-9D64-1951D434E40E}.Debug|x64.ActiveCfg = Debug|x64
		{E5BE58FF-7D3D-480A-9D64-1951D434E40E}.Debug|x64.Build.0 = Debug|x64
		{E5BE58FF-7D3D-480A-9D64-1951D434E40E}.Debug|x86.ActiveCfg = Debug|Win32
		{E5BE58FF-7D3D-480A-9D64-1951D434E40E}.Debug|x86.Build.0 = Debug|Win32
		{E5BE58FF-7D3D-480A-9D64-1951D434E40E}.Release|x64.ActiveCfg = Release|x64
		{E5BE58FF-7D3D-480A-9D64-1951D434E40E}.Release|x64.Build.0 = Release|x64
		{E5BE58FF-7D3D-480A-9D64-1951D434E40E}.Release|x86.ActiveCfg = Release|Win32
		{E5BE58FF-7D3D-480A-9D64-1951D434E40E}.Release|x86.Build.0 = Release|Win32
		{9E3DBD52-F85D-4011-AC16-4A0F3EE458BE}.Debug|x64.ActiveCfg = Debug|x64
		{9E3DBD52-F85D-4011-AC16-4A0F3EE458BE}.Debug|x64.Build.0 = Debug|x64
		{9E3DBD52-F85D-4011-AC16-4A0F3EE458BE}.Debug|x86.ActiveCfg = Debug|Win32
		{9E3DBD52-F85D-4011-AC16-4A0F3EE458BE}.Debug|x86.Build.0 = Debug|Win32
		{9E3DBD52-F85D-4011-AC16-4A0F3EE458BE}.Release|x64.ActiveCfg = Release|x64
		{9E3DBD52-F85D-4011-AC16-4A0F3EE458BE}.Release|x64.Build.0 = Release|x64
		{9E3DBD52-F85D-4011-AC16-4A0F3EE458BE}.Release|x86.ActiveCfg = Release|Win32
		{9E3DBD52-F85D-4011-AC16-4A0F3EE458BE}.Release|x86.Build.0 = Release|Win32
		{A68F4D3D-0A5A-43FF-B6E6-2CADD60B6604}.Debug|x64.ActiveCfg = Debug|x64
		{A68F4D3D-0A5A-43FF-B6E6-2CADD60B6604}.Debug|x64.Build.0 = Debug|x64
		{A68F4D3D-0A5A-43FF-B6E6-2CADD60B6604}.Debug|x86.ActiveCfg = Debug|Win32
		{A68F4D3D-0A5A-43FF-B6E6-2CADD60B6604}.Debug|x86.Build.0 = Debug|Win32
		{A68F4D3D-0A5A-43FF-B6E6-2CADD60B6604}.Release|x64.ActiveCfg = Release|x64
		{A68F4D3D-0A5A-43FF-B6E6-2CADD60B6604}.Release|x64.Build.0 = Release|x64
		{A68F4D3D-0A5A-43FF-B6E6-2CADD60B6604}.Release|x86.ActiveCfg = Release|Win32
		{A68F4D3D-0A5A-43FF-B6E6-2CADD60B6604}.Release|x86.Build.0 = Release|Win32
		{A4B63149-C801-46AF-A08B-BE06FDCFB9CD}.Debug|x64.ActiveCfg = Debug|x64
		{A4B63149-C801-46AF-A08B-BE06FDCFB9CD}.Debug|x64.Build.0 = Debug|x64
		{A4B63149-C801-46AF-A08B-BE06FDCFB9CD}.Debug|x86.ActiveCfg = Debug|Win32
		{A4B63149-C801-46AF-A08B-BE06FDCFB9CD}.Debug|x86.Build.0 = Debug|Win32
		{A4B63149-C801-46AF-A08B-BE06FDCFB9CD}.Release|x64.ActiveCfg = Release|x64
		{A4B63149-C801-46AF-A08B-BE06FDCFB9CD}.Release|x64.Build.0 = Release|x64
		{A4B63149-C801-46AF-A08B-BE06FDCFB9CD}.Release|x86.ActiveCfg = Release|Win32
		{A4B63149-C801-46AF-A08B-BE06FDCFB9CD}.Release|x86.Build.0 = Release|Win32
		{0941B620-A75E-43F2-80B8-1D3CDA77A7CE}.Debug|x64.ActiveCfg = Debug|x64
		{0941B620-A75E-43F2-80B8-1D3CDA77A7CE}.Debug|x64.Build.0 = Debug|x64
		{0941B620-A75E-43F2-80B8-1D3CDA77A7CE}.Debug|x86.ActiveCfg = Debug|Win32
		{0941B620-A75E-43F2-80B8-1D3CDA77A7CE}.Debug|x86.Build.0 = Debug|Win32
		{0941B620-A75E-43F2-80B8-1D3CDA77A7CE}.Release|x64.ActiveCfg = Release|x64
		{0941B620-A75E-43F2-80B8-1D3CDA77A7CE}.Release|x64.Build.0 = Release|x64
		{0941B620-A75E-43F2-80B8-1D3CDA77A7CE}.Release|x86.ActiveCfg = Release|Win32
		{0941B620-A75E-43F2-80B8-1D3CDA77A7CE}.Release|x86.Build.0 = Release|Win32
		{1CB5B3F7-9B7B-4BAA-83EF-CA4374BBE7B4}.Debug|x64.ActiveCfg = Debug|x64
		{1CB5B3F7-9B7B-4BAA-83EF-CA4374BBE7B4}.Debug|x64.Build.0 = Debug|x64
		{1CB5B3F7-9B7B-4BAA-83EF-CA4374BBE7B4}.Debug|x86.ActiveCfg = Debug|Win32
		{1CB5B3F7-9B7B-4BAA-83EF-CA4374BBE7B4}.Debug|x86.Build.0 = Debug|Win32
		{1CB5B3F7-9B7B-4BAA-83EF-CA4374BBE7B4}.Release|x64.ActiveCfg = Release|x64
		{1CB5B3F7-9B7B-4BAA-83EF-CA4374BBE7B4}.Release|x64.Build.0 = Release|x64
		{1CB5B3F7-9B7B-4BAA-83EF-CA4374BBE7B4}.Release|x86.ActiveCfg = Release|Win32
		{1CB5B3F7-9B7B-4BAA-83EF-CA4374BBE7B4}.Release|x86.Build.0 = Release|Win32
	EndGlobalSection
	GlobalSection(SolutionProperties) = preSolution
		HideSolutionNode = FALSE
	EndGlobalSection
	GlobalSection(ExtensibilityGlobals) = postSolution
		SolutionGuid = {D7F1FF72-BCC1-4FE3-909E-C8B5382AE8AD}
	EndGlobalSection
EndGlobal
